
Microsoft Visual Studio Solution File, Format Version 12.00
# Visual Studio Version 17
VisualStudioVersion = 17.0.31903.59
MinimumVisualStudioVersion = 10.0.40219.1
Project("{FAE04EC0-301F-11D3-BF4B-00C04F79EFBC}") = "WebApplication1", "WebApplication1\WebApplication1.csproj", "{179D7C19-3E06-40B4-82DB-C1EFDAFE5111}"
EndProject
Project("{FAE04EC0-301F-11D3-BF4B-00C04F79EFBC}") = "yt-aspcore", "yt-aspcore\yt-aspcore.csproj", "{284B7470-6490-47E6-BF39-0D14D58ABA94}"
EndProject
Project("{2150E333-8FDC-42A3-9474-1A3956D46DE8}") = "Modules", "Modules", "{CA253913-39DE-BFD0-C9A3-4B7EC6FBDF17}"
EndProject
Project("{FAE04EC0-301F-11D3-BF4B-00C04F79EFBC}") = "middleware", "Modules\01\middleware\middleware.csproj", "{24E77D09-25F7-4615-80E8-B01DF49E4263}"
EndProject
Project("{2150E333-8FDC-42A3-9474-1A3956D46DE8}") = "01", "01", "{BEBF3716-FB7F-AAF0-0E12-382A64CE50F1}"
EndProject
Project("{2150E333-8FDC-42A3-9474-1A3956D46DE8}") = "global-exception", "global-exception", "{9BEC4EAA-733B-EDEE-B1F7-C09EDD194C1C}"
EndProject
Project("{FAE04EC0-301F-11D3-BF4B-00C04F79EFBC}") = "GlobalExceptions", "Modules\01\global-exception\GlobalExceptions\GlobalExceptions.csproj", "{A3A2FB79-01F5-471F-B1F4-B9FE37FC9DDD}"
EndProject
Project("{2150E333-8FDC-42A3-9474-1A3956D46DE8}") = "filters-", "filters-", "{61621F3A-D759-9D77-C9EB-CFD4685E7FD7}"
EndProject
Project("{FAE04EC0-301F-11D3-BF4B-00C04F79EFBC}") = "FilterSamples", "Modules\01\filters-\FilterSamples\FilterSamples.csproj", "{FF52AD39-BDDF-469C-ADA9-05504C13F9DD}"
EndProject
Project("{2150E333-8FDC-42A3-9474-1A3956D46DE8}") = "structured-logging", "structured-logging", "{4F5CB0CC-FA88-791A-1C8D-F41BAF6F9C33}"
EndProject
Project("{FAE04EC0-301F-11D3-BF4B-00C04F79EFBC}") = "SerilogDemo", "Modules\01\structured-logging\SerilogDemo\SerilogDemo.csproj", "{CFC0C3FB-9FE3-4D49-931D-2B85D0B5D8DA}"
EndProject
Global
	GlobalSection(SolutionConfigurationPlatforms) = preSolution
		Debug|Any CPU = Debug|Any CPU
		Debug|x64 = Debug|x64
		Debug|x86 = Debug|x86
		Release|Any CPU = Release|Any CPU
		Release|x64 = Release|x64
		Release|x86 = Release|x86
	EndGlobalSection
	GlobalSection(ProjectConfigurationPlatforms) = postSolution
		{179D7C19-3E06-40B4-82DB-C1EFDAFE5111}.Debug|Any CPU.ActiveCfg = Debug|Any CPU
		{179D7C19-3E06-40B4-82DB-C1EFDAFE5111}.Debug|Any CPU.Build.0 = Debug|Any CPU
		{179D7C19-3E06-40B4-82DB-C1EFDAFE5111}.Debug|x64.ActiveCfg = Debug|Any CPU
		{179D7C19-3E06-40B4-82DB-C1EFDAFE5111}.Debug|x64.Build.0 = Debug|Any CPU
		{179D7C19-3E06-40B4-82DB-C1EFDAFE5111}.Debug|x86.ActiveCfg = Debug|Any CPU
		{179D7C19-3E06-40B4-82DB-C1EFDAFE5111}.Debug|x86.Build.0 = Debug|Any CPU
		{179D7C19-3E06-40B4-82DB-C1EFDAFE5111}.Release|Any CPU.ActiveCfg = Release|Any CPU
		{179D7C19-3E06-40B4-82DB-C1EFDAFE5111}.Release|Any CPU.Build.0 = Release|Any CPU
		{179D7C19-3E06-40B4-82DB-C1EFDAFE5111}.Release|x64.ActiveCfg = Release|Any CPU
		{179D7C19-3E06-40B4-82DB-C1EFDAFE5111}.Release|x64.Build.0 = Release|Any CPU
		{179D7C19-3E06-40B4-82DB-C1EFDAFE5111}.Release|x86.ActiveCfg = Release|Any CPU
		{179D7C19-3E06-40B4-82DB-C1EFDAFE5111}.Release|x86.Build.0 = Release|Any CPU
		{284B7470-6490-47E6-BF39-0D14D58ABA94}.Debug|Any CPU.ActiveCfg = Debug|Any CPU
		{284B7470-6490-47E6-BF39-0D14D58ABA94}.Debug|Any CPU.Build.0 = Debug|Any CPU
		{284B7470-6490-47E6-BF39-0D14D58ABA94}.Debug|x64.ActiveCfg = Debug|Any CPU
		{284B7470-6490-47E6-BF39-0D14D58ABA94}.Debug|x64.Build.0 = Debug|Any CPU
		{284B7470-6490-47E6-BF39-0D14D58ABA94}.Debug|x86.ActiveCfg = Debug|Any CPU
		{284B7470-6490-47E6-BF39-0D14D58ABA94}.Debug|x86.Build.0 = Debug|Any CPU
		{284B7470-6490-47E6-BF39-0D14D58ABA94}.Release|Any CPU.ActiveCfg = Release|Any CPU
		{284B7470-6490-47E6-BF39-0D14D58ABA94}.Release|Any CPU.Build.0 = Release|Any CPU
		{284B7470-6490-47E6-BF39-0D14D58ABA94}.Release|x64.ActiveCfg = Release|Any CPU
		{284B7470-6490-47E6-BF39-0D14D58ABA94}.Release|x64.Build.0 = Release|Any CPU
		{284B7470-6490-47E6-BF39-0D14D58ABA94}.Release|x86.ActiveCfg = Release|Any CPU
		{284B7470-6490-47E6-BF39-0D14D58ABA94}.Release|x86.Build.0 = Release|Any CPU
		{24E77D09-25F7-4615-80E8-B01DF49E4263}.Debug|Any CPU.ActiveCfg = Debug|Any CPU
		{24E77D09-25F7-4615-80E8-B01DF49E4263}.Debug|Any CPU.Build.0 = Debug|Any CPU
		{24E77D09-25F7-4615-80E8-B01DF49E4263}.Debug|x64.ActiveCfg = Debug|Any CPU
		{24E77D09-25F7-4615-80E8-B01DF49E4263}.Debug|x64.Build.0 = Debug|Any CPU
		{24E77D09-25F7-4615-80E8-B01DF49E4263}.Debug|x86.ActiveCfg = Debug|Any CPU
		{24E77D09-25F7-4615-80E8-B01DF49E4263}.Debug|x86.Build.0 = Debug|Any CPU
		{24E77D09-25F7-4615-80E8-B01DF49E4263}.Release|Any CPU.ActiveCfg = Release|Any CPU
		{24E77D09-25F7-4615-80E8-B01DF49E4263}.Release|Any CPU.Build.0 = Release|Any CPU
		{24E77D09-25F7-4615-80E8-B01DF49E4263}.Release|x64.ActiveCfg = Release|Any CPU
		{24E77D09-25F7-4615-80E8-B01DF49E4263}.Release|x64.Build.0 = Release|Any CPU
		{24E77D09-25F7-4615-80E8-B01DF49E4263}.Release|x86.ActiveCfg = Release|Any CPU
		{24E77D09-25F7-4615-80E8-B01DF49E4263}.Release|x86.Build.0 = Release|Any CPU
		{A3A2FB79-01F5-471F-B1F4-B9FE37FC9DDD}.Debug|Any CPU.ActiveCfg = Debug|Any CPU
		{A3A2FB79-01F5-471F-B1F4-B9FE37FC9DDD}.Debug|Any CPU.Build.0 = Debug|Any CPU
		{A3A2FB79-01F5-471F-B1F4-B9FE37FC9DDD}.Debug|x64.ActiveCfg = Debug|Any CPU
		{A3A2FB79-01F5-471F-B1F4-B9FE37FC9DDD}.Debug|x64.Build.0 = Debug|Any CPU
		{A3A2FB79-01F5-471F-B1F4-B9FE37FC9DDD}.Debug|x86.ActiveCfg = Debug|Any CPU
		{A3A2FB79-01F5-471F-B1F4-B9FE37FC9DDD}.Debug|x86.Build.0 = Debug|Any CPU
		{A3A2FB79-01F5-471F-B1F4-B9FE37FC9DDD}.Release|Any CPU.ActiveCfg = Release|Any CPU
		{A3A2FB79-01F5-471F-B1F4-B9FE37FC9DDD}.Release|Any CPU.Build.0 = Release|Any CPU
		{A3A2FB79-01F5-471F-B1F4-B9FE37FC9DDD}.Release|x64.ActiveCfg = Release|Any CPU
		{A3A2FB79-01F5-471F-B1F4-B9FE37FC9DDD}.Release|x64.Build.0 = Release|Any CPU
		{A3A2FB79-01F5-471F-B1F4-B9FE37FC9DDD}.Release|x86.ActiveCfg = Release|Any CPU
		{A3A2FB79-01F5-471F-B1F4-B9FE37FC9DDD}.Release|x86.Build.0 = Release|Any CPU
		{FF52AD39-BDDF-469C-ADA9-05504C13F9DD}.Debug|Any CPU.ActiveCfg = Debug|Any CPU
		{FF52AD39-BDDF-469C-ADA9-05504C13F9DD}.Debug|Any CPU.Build.0 = Debug|Any CPU
		{FF52AD39-BDDF-469C-ADA9-05504C13F9DD}.Debug|x64.ActiveCfg = Debug|Any CPU
		{FF52AD39-BDDF-469C-ADA9-05504C13F9DD}.Debug|x64.Build.0 = Debug|Any CPU
		{FF52AD39-BDDF-469C-ADA9-05504C13F9DD}.Debug|x86.ActiveCfg = Debug|Any CPU
		{FF52AD39-BDDF-469C-ADA9-05504C13F9DD}.Debug|x86.Build.0 = Debug|Any CPU
		{FF52AD39-BDDF-469C-ADA9-05504C13F9DD}.Release|Any CPU.ActiveCfg = Release|Any CPU
		{FF52AD39-BDDF-469C-ADA9-05504C13F9DD}.Release|Any CPU.Build.0 = Release|Any CPU
		{FF52AD39-BDDF-469C-ADA9-05504C13F9DD}.Release|x64.ActiveCfg = Release|Any CPU
		{FF52AD39-BDDF-469C-ADA9-05504C13F9DD}.Release|x64.Build.0 = Release|Any CPU
		{FF52AD39-BDDF-469C-ADA9-05504C13F9DD}.Release|x86.ActiveCfg = Release|Any CPU
		{FF52AD39-BDDF-469C-ADA9-05504C13F9DD}.Release|x86.Build.0 = Release|Any CPU
		{CFC0C3FB-9FE3-4D49-931D-2B85D0B5D8DA}.Debug|Any CPU.ActiveCfg = Debug|Any CPU
		{CFC0C3FB-9FE3-4D49-931D-2B85D0B5D8DA}.Debug|Any CPU.Build.0 = Debug|Any CPU
		{CFC0C3FB-9FE3-4D49-931D-2B85D0B5D8DA}.Debug|x64.ActiveCfg = Debug|Any CPU
		{CFC0C3FB-9FE3-4D49-931D-2B85D0B5D8DA}.Debug|x64.Build.0 = Debug|Any CPU
		{CFC0C3FB-9FE3-4D49-931D-2B85D0B5D8DA}.Debug|x86.ActiveCfg = Debug|Any CPU
		{CFC0C3FB-9FE3-4D49-931D-2B85D0B5D8DA}.Debug|x86.Build.0 = Debug|Any CPU
		{CFC0C3FB-9FE3-4D49-931D-2B85D0B5D8DA}.Release|Any CPU.ActiveCfg = Release|Any CPU
		{CFC0C3FB-9FE3-4D49-931D-2B85D0B5D8DA}.Release|Any CPU.Build.0 = Release|Any CPU
		{CFC0C3FB-9FE3-4D49-931D-2B85D0B5D8DA}.Release|x64.ActiveCfg = Release|Any CPU
		{CFC0C3FB-9FE3-4D49-931D-2B85D0B5D8DA}.Release|x64.Build.0 = Release|Any CPU
		{CFC0C3FB-9FE3-4D49-931D-2B85D0B5D8DA}.Release|x86.ActiveCfg = Release|Any CPU
		{CFC0C3FB-9FE3-4D49-931D-2B85D0B5D8DA}.Release|x86.Build.0 = Release|Any CPU
	EndGlobalSection
	GlobalSection(SolutionProperties) = preSolution
		HideSolutionNode = FALSE
	EndGlobalSection
	GlobalSection(NestedProjects) = preSolution
		{24E77D09-25F7-4615-80E8-B01DF49E4263} = {CA253913-39DE-BFD0-C9A3-4B7EC6FBDF17}
		{BEBF3716-FB7F-AAF0-0E12-382A64CE50F1} = {CA253913-39DE-BFD0-C9A3-4B7EC6FBDF17}
		{9BEC4EAA-733B-EDEE-B1F7-C09EDD194C1C} = {BEBF3716-FB7F-AAF0-0E12-382A64CE50F1}
		{A3A2FB79-01F5-471F-B1F4-B9FE37FC9DDD} = {9BEC4EAA-733B-EDEE-B1F7-C09EDD194C1C}
		{61621F3A-D759-9D77-C9EB-CFD4685E7FD7} = {BEBF3716-FB7F-AAF0-0E12-382A64CE50F1}
		{FF52AD39-BDDF-469C-ADA9-05504C13F9DD} = {61621F3A-D759-9D77-C9EB-CFD4685E7FD7}
		{4F5CB0CC-FA88-791A-1C8D-F41BAF6F9C33} = {BEBF3716-FB7F-AAF0-0E12-382A64CE50F1}
		{CFC0C3FB-9FE3-4D49-931D-2B85D0B5D8DA} = {4F5CB0CC-FA88-791A-1C8D-F41BAF6F9C33}
	EndGlobalSection
EndGlobal
